
Microsoft Visual Studio Solution File, Format Version 12.00
# Visual Studio Version 17
VisualStudioVersion = 17.11.35327.3
MinimumVisualStudioVersion = 10.0.40219.1
Project("{FAE04EC0-301F-11D3-BF4B-00C04F79EFBC}") = "Lab08", "Lab08.csproj", "{D01F5647-392C-40BF-A2E7-4F2186287606}"
EndProject
Global
	GlobalSection(SolutionConfigurationPlatforms) = preSolution
		Debug|Any CPU = Debug|Any CPU
		Release|Any CPU = Release|Any CPU
	EndGlobalSection
	GlobalSection(ProjectConfigurationPlatforms) = postSolution
		{D01F5647-392C-40BF-A2E7-4F2186287606}.Debug|Any CPU.ActiveCfg = Debug|Any CPU
		{D01F5647-392C-40BF-A2E7-4F2186287606}.Debug|Any CPU.Build.0 = Debug|Any CPU
		{D01F5647-392C-40BF-A2E7-4F2186287606}.Release|Any CPU.ActiveCfg = Release|Any CPU
		{D01F5647-392C-40BF-A2E7-4F2186287606}.Release|Any CPU.Build.0 = Release|Any CPU
	EndGlobalSection
	GlobalSection(SolutionProperties) = preSolution
		HideSolutionNode = FALSE
	EndGlobalSection
	GlobalSection(ExtensibilityGlobals) = postSolution
		SolutionGuid = {774FE725-A361-4C64-BB59-2D9ED29B5B73}
	EndGlobalSection
EndGlobal
